
Microsoft Visual Studio Solution File, Format Version 12.00
# Visual Studio Version 16
VisualStudioVersion = 16.0.30523.141
MinimumVisualStudioVersion = 10.0.40219.1
Project("{FAE04EC0-301F-11D3-BF4B-00C04F79EFBC}") = "Project", "Project.csproj", "{FC9F163D-748A-4F6A-B6DA-C10ACB4CEB32}"
EndProject
Global
	GlobalSection(SolutionConfigurationPlatforms) = preSolution
		Debug|Any CPU = Debug|Any CPU
		Release|Any CPU = Release|Any CPU
	EndGlobalSection
	GlobalSection(ProjectConfigurationPlatforms) = postSolution
		{FC9F163D-748A-4F6A-B6DA-C10ACB4CEB32}.Debug|Any CPU.ActiveCfg = Debug|Any CPU
		{FC9F163D-748A-4F6A-B6DA-C10ACB4CEB32}.Debug|Any CPU.Build.0 = Debug|Any CPU
		{FC9F163D-748A-4F6A-B6DA-C10ACB4CEB32}.Release|Any CPU.ActiveCfg = Release|Any CPU
		{FC9F163D-748A-4F6A-B6DA-C10ACB4CEB32}.Release|Any CPU.Build.0 = Release|Any CPU
	EndGlobalSection
	GlobalSection(SolutionProperties) = preSolution
		HideSolutionNode = FALSE
	EndGlobalSection
	GlobalSection(ExtensibilityGlobals) = postSolution
		SolutionGuid = {D16C23F0-AD3A-476E-B0DA-8F627B71D313}
	EndGlobalSection
EndGlobal
